// !$*UTF8*$!
{
	archiveVersion = 1;
	classes = {
	};
	objectVersion = 51;
	objects = {

/* Begin PBXBuildFile section */
		2407AEC623E1BE6A0021CA87 /* Event.swift in Sources */ = {isa = PBXBuildFile; fileRef = 2407AEC523E1BE6A0021CA87 /* Event.swift */; };
		2407AEC823E1C29D0021CA87 /* EventViewController.swift in Sources */ = {isa = PBXBuildFile; fileRef = 2407AEC723E1C29D0021CA87 /* EventViewController.swift */; };
		240D10C223C7765800514AC2 /* TabBarController.swift in Sources */ = {isa = PBXBuildFile; fileRef = 240D10C123C7765800514AC2 /* TabBarController.swift */; };
		2441939023A9E8E200A6CBA1 /* AppDelegate.swift in Sources */ = {isa = PBXBuildFile; fileRef = 2441938F23A9E8E200A6CBA1 /* AppDelegate.swift */; };
		2441939223A9E8E200A6CBA1 /* SceneDelegate.swift in Sources */ = {isa = PBXBuildFile; fileRef = 2441939123A9E8E200A6CBA1 /* SceneDelegate.swift */; };
		2441939723A9E8E200A6CBA1 /* Main.storyboard in Resources */ = {isa = PBXBuildFile; fileRef = 2441939523A9E8E200A6CBA1 /* Main.storyboard */; };
		2441939923A9E8E400A6CBA1 /* Assets.xcassets in Resources */ = {isa = PBXBuildFile; fileRef = 2441939823A9E8E400A6CBA1 /* Assets.xcassets */; };
		2443E12923FAF9210038AD23 /* CalculateCalendarLogic.framework in Frameworks */ = {isa = PBXBuildFile; fileRef = 2430006323F5B33400BBC479 /* CalculateCalendarLogic.framework */; };
		2443E12C23FAF9230038AD23 /* FSCalendar.framework in Frameworks */ = {isa = PBXBuildFile; fileRef = 2430006723F5BB1100BBC479 /* FSCalendar.framework */; };
		2443E12E23FAF9250038AD23 /* MessageUI.framework in Frameworks */ = {isa = PBXBuildFile; fileRef = 2467429F23ADA83300C343D6 /* MessageUI.framework */; };
		2443E13023FAF9270038AD23 /* Pods_ParentingApp12.framework in Frameworks */ = {isa = PBXBuildFile; fileRef = 2A57B695FC728875E98B3486 /* Pods_ParentingApp12.framework */; };
		2443E13223FAF9290038AD23 /* Realm.framework in Frameworks */ = {isa = PBXBuildFile; fileRef = 2430006D23F5BB5500BBC479 /* Realm.framework */; };
		2443E13423FAF92A0038AD23 /* RealmSwift.framework in Frameworks */ = {isa = PBXBuildFile; fileRef = 2430006923F5BB2200BBC479 /* RealmSwift.framework */; };
		24492CC623EA8B1F00765DC8 /* SettingTableViewController.swift in Sources */ = {isa = PBXBuildFile; fileRef = 24492CC523EA8B1F00765DC8 /* SettingTableViewController.swift */; };
		244A01BD23D5B06400A2B92A /* DatePopUpViewController.swift in Sources */ = {isa = PBXBuildFile; fileRef = 244A01BC23D5B06400A2B92A /* DatePopUpViewController.swift */; };
		244D6FAD23BA078A004FE502 /* Record.swift in Sources */ = {isa = PBXBuildFile; fileRef = 244D6FAC23BA078A004FE502 /* Record.swift */; };
		2455264023DE8A3C00AF9B76 /* CalendarViewController.swift in Sources */ = {isa = PBXBuildFile; fileRef = 2455263F23DE8A3C00AF9B76 /* CalendarViewController.swift */; };
		2455264223DE8A6200AF9B76 /* SettimgViewController.swift in Sources */ = {isa = PBXBuildFile; fileRef = 2455264123DE8A6200AF9B76 /* SettimgViewController.swift */; };
		2455264823DF040D00AF9B76 /* SplashViewController.swift in Sources */ = {isa = PBXBuildFile; fileRef = 2455264723DF040D00AF9B76 /* SplashViewController.swift */; };
		245864D023C1F3E8000A8F89 /* TableViewCell.swift in Sources */ = {isa = PBXBuildFile; fileRef = 245864CE23C1F3E8000A8F89 /* TableViewCell.swift */; };
		245864D123C2060F000A8F89 /* TableViewCell.xib in Resources */ = {isa = PBXBuildFile; fileRef = 245864CF23C1F3E8000A8F89 /* TableViewCell.xib */; };
		246742A223ADAB7C00C343D6 /* FirstViewController.swift in Sources */ = {isa = PBXBuildFile; fileRef = 246742A123ADAB7C00C343D6 /* FirstViewController.swift */; };
		246742A423AE4BC700C343D6 /* PrivacyPolicyViewController.swift in Sources */ = {isa = PBXBuildFile; fileRef = 246742A323AE4BC700C343D6 /* PrivacyPolicyViewController.swift */; };
		24ABACE723B4815100F6EFDB /* RegistrationViewController.swift in Sources */ = {isa = PBXBuildFile; fileRef = 24ABACE623B4815100F6EFDB /* RegistrationViewController.swift */; };
		24D12AC923B656EB00F4F612 /* RecordViewController.swift in Sources */ = {isa = PBXBuildFile; fileRef = 24D12AC823B656EB00F4F612 /* RecordViewController.swift */; };
/* End PBXBuildFile section */

/* Begin PBXFileReference section */
		2407AEC523E1BE6A0021CA87 /* Event.swift */ = {isa = PBXFileReference; lastKnownFileType = sourcecode.swift; path = Event.swift; sourceTree = "<group>"; };
		2407AEC723E1C29D0021CA87 /* EventViewController.swift */ = {isa = PBXFileReference; lastKnownFileType = sourcecode.swift; path = EventViewController.swift; sourceTree = "<group>"; };
		240D10C123C7765800514AC2 /* TabBarController.swift */ = {isa = PBXFileReference; lastKnownFileType = sourcecode.swift; path = TabBarController.swift; sourceTree = "<group>"; };
		2430006323F5B33400BBC479 /* CalculateCalendarLogic.framework */ = {isa = PBXFileReference; explicitFileType = wrapper.framework; path = CalculateCalendarLogic.framework; sourceTree = BUILT_PRODUCTS_DIR; };
		2430006723F5BB1100BBC479 /* FSCalendar.framework */ = {isa = PBXFileReference; explicitFileType = wrapper.framework; path = FSCalendar.framework; sourceTree = BUILT_PRODUCTS_DIR; };
		2430006923F5BB2200BBC479 /* RealmSwift.framework */ = {isa = PBXFileReference; explicitFileType = wrapper.framework; path = RealmSwift.framework; sourceTree = BUILT_PRODUCTS_DIR; };
		2430006D23F5BB5500BBC479 /* Realm.framework */ = {isa = PBXFileReference; explicitFileType = wrapper.framework; path = Realm.framework; sourceTree = BUILT_PRODUCTS_DIR; };
		24390BA123F5893400D6AE8E /* CalculateCalendarLogic.framework */ = {isa = PBXFileReference; explicitFileType = wrapper.framework; path = CalculateCalendarLogic.framework; sourceTree = BUILT_PRODUCTS_DIR; };
		2441938C23A9E8E200A6CBA1 /* ParentingApp12.app */ = {isa = PBXFileReference; explicitFileType = wrapper.application; includeInIndex = 0; path = ParentingApp12.app; sourceTree = BUILT_PRODUCTS_DIR; };
		2441938F23A9E8E200A6CBA1 /* AppDelegate.swift */ = {isa = PBXFileReference; lastKnownFileType = sourcecode.swift; path = AppDelegate.swift; sourceTree = "<group>"; };
		2441939123A9E8E200A6CBA1 /* SceneDelegate.swift */ = {isa = PBXFileReference; lastKnownFileType = sourcecode.swift; path = SceneDelegate.swift; sourceTree = "<group>"; };
		2441939623A9E8E200A6CBA1 /* Base */ = {isa = PBXFileReference; lastKnownFileType = file.storyboard; name = Base; path = Base.lproj/Main.storyboard; sourceTree = "<group>"; };
		2441939823A9E8E400A6CBA1 /* Assets.xcassets */ = {isa = PBXFileReference; lastKnownFileType = folder.assetcatalog; path = Assets.xcassets; sourceTree = "<group>"; };
		2441939D23A9E8E400A6CBA1 /* Info.plist */ = {isa = PBXFileReference; lastKnownFileType = text.plist.xml; path = Info.plist; sourceTree = "<group>"; };
		24492CC523EA8B1F00765DC8 /* SettingTableViewController.swift */ = {isa = PBXFileReference; lastKnownFileType = sourcecode.swift; path = SettingTableViewController.swift; sourceTree = "<group>"; };
		244A01BC23D5B06400A2B92A /* DatePopUpViewController.swift */ = {isa = PBXFileReference; lastKnownFileType = sourcecode.swift; path = DatePopUpViewController.swift; sourceTree = "<group>"; };
		244D6FAC23BA078A004FE502 /* Record.swift */ = {isa = PBXFileReference; lastKnownFileType = sourcecode.swift; path = Record.swift; sourceTree = "<group>"; };
		2455263F23DE8A3C00AF9B76 /* CalendarViewController.swift */ = {isa = PBXFileReference; lastKnownFileType = sourcecode.swift; path = CalendarViewController.swift; sourceTree = "<group>"; };
		2455264123DE8A6200AF9B76 /* SettimgViewController.swift */ = {isa = PBXFileReference; lastKnownFileType = sourcecode.swift; path = SettimgViewController.swift; sourceTree = "<group>"; };
		2455264723DF040D00AF9B76 /* SplashViewController.swift */ = {isa = PBXFileReference; lastKnownFileType = sourcecode.swift; path = SplashViewController.swift; sourceTree = "<group>"; };
		245864CE23C1F3E8000A8F89 /* TableViewCell.swift */ = {isa = PBXFileReference; lastKnownFileType = sourcecode.swift; path = TableViewCell.swift; sourceTree = "<group>"; };
		245864CF23C1F3E8000A8F89 /* TableViewCell.xib */ = {isa = PBXFileReference; lastKnownFileType = file.xib; path = TableViewCell.xib; sourceTree = "<group>"; };
		2467429F23ADA83300C343D6 /* MessageUI.framework */ = {isa = PBXFileReference; lastKnownFileType = wrapper.framework; name = MessageUI.framework; path = System/Library/Frameworks/MessageUI.framework; sourceTree = SDKROOT; };
		246742A123ADAB7C00C343D6 /* FirstViewController.swift */ = {isa = PBXFileReference; lastKnownFileType = sourcecode.swift; path = FirstViewController.swift; sourceTree = "<group>"; };
		246742A323AE4BC700C343D6 /* PrivacyPolicyViewController.swift */ = {isa = PBXFileReference; lastKnownFileType = sourcecode.swift; path = PrivacyPolicyViewController.swift; sourceTree = "<group>"; };
		24ABACE623B4815100F6EFDB /* RegistrationViewController.swift */ = {isa = PBXFileReference; lastKnownFileType = sourcecode.swift; path = RegistrationViewController.swift; sourceTree = "<group>"; };
		24D12AC823B656EB00F4F612 /* RecordViewController.swift */ = {isa = PBXFileReference; lastKnownFileType = sourcecode.swift; path = RecordViewController.swift; sourceTree = "<group>"; wrapsLines = 0; };
		2A57B695FC728875E98B3486 /* Pods_ParentingApp12.framework */ = {isa = PBXFileReference; explicitFileType = wrapper.framework; includeInIndex = 0; path = Pods_ParentingApp12.framework; sourceTree = BUILT_PRODUCTS_DIR; };
		9F4C375108226144E36E13D5 /* Pods-ParentingApp12.release.xcconfig */ = {isa = PBXFileReference; includeInIndex = 1; lastKnownFileType = text.xcconfig; name = "Pods-ParentingApp12.release.xcconfig"; path = "Target Support Files/Pods-ParentingApp12/Pods-ParentingApp12.release.xcconfig"; sourceTree = "<group>"; };
		BBF78EF625B3A81955A005BC /* Pods-ParentingApp12.debug.xcconfig */ = {isa = PBXFileReference; includeInIndex = 1; lastKnownFileType = text.xcconfig; name = "Pods-ParentingApp12.debug.xcconfig"; path = "Target Support Files/Pods-ParentingApp12/Pods-ParentingApp12.debug.xcconfig"; sourceTree = "<group>"; };
/* End PBXFileReference section */

/* Begin PBXFrameworksBuildPhase section */
		2441938923A9E8E200A6CBA1 /* Frameworks */ = {
			isa = PBXFrameworksBuildPhase;
			buildActionMask = 2147483647;
			files = (
				2443E13223FAF9290038AD23 /* Realm.framework in Frameworks */,
				2443E12923FAF9210038AD23 /* CalculateCalendarLogic.framework in Frameworks */,
				2443E13423FAF92A0038AD23 /* RealmSwift.framework in Frameworks */,
				2443E12C23FAF9230038AD23 /* FSCalendar.framework in Frameworks */,
				2443E12E23FAF9250038AD23 /* MessageUI.framework in Frameworks */,
				2443E13023FAF9270038AD23 /* Pods_ParentingApp12.framework in Frameworks */,
			);
			runOnlyForDeploymentPostprocessing = 0;
		};
/* End PBXFrameworksBuildPhase section */

/* Begin PBXGroup section */
		2441938323A9E8E200A6CBA1 = {
			isa = PBXGroup;
			children = (
				2441938E23A9E8E200A6CBA1 /* ParentingApp12 */,
				2441938D23A9E8E200A6CBA1 /* Products */,
				2467429E23ADA83300C343D6 /* Frameworks */,
				E68F5B272B4CEF23FF569FD6 /* Pods */,
			);
			sourceTree = "<group>";
		};
		2441938D23A9E8E200A6CBA1 /* Products */ = {
			isa = PBXGroup;
			children = (
				2441938C23A9E8E200A6CBA1 /* ParentingApp12.app */,
			);
			name = Products;
			sourceTree = "<group>";
		};
		2441938E23A9E8E200A6CBA1 /* ParentingApp12 */ = {
			isa = PBXGroup;
			children = (
				244D6FAC23BA078A004FE502 /* Record.swift */,
				2407AEC523E1BE6A0021CA87 /* Event.swift */,
				2441938F23A9E8E200A6CBA1 /* AppDelegate.swift */,
				2441939123A9E8E200A6CBA1 /* SceneDelegate.swift */,
				2455264723DF040D00AF9B76 /* SplashViewController.swift */,
				246742A123ADAB7C00C343D6 /* FirstViewController.swift */,
				246742A323AE4BC700C343D6 /* PrivacyPolicyViewController.swift */,
				24ABACE623B4815100F6EFDB /* RegistrationViewController.swift */,
				24D12AC823B656EB00F4F612 /* RecordViewController.swift */,
				245864CE23C1F3E8000A8F89 /* TableViewCell.swift */,
				240D10C123C7765800514AC2 /* TabBarController.swift */,
				244A01BC23D5B06400A2B92A /* DatePopUpViewController.swift */,
				2455263F23DE8A3C00AF9B76 /* CalendarViewController.swift */,
				2455264123DE8A6200AF9B76 /* SettimgViewController.swift */,
				24492CC523EA8B1F00765DC8 /* SettingTableViewController.swift */,
				2407AEC723E1C29D0021CA87 /* EventViewController.swift */,
				245864CF23C1F3E8000A8F89 /* TableViewCell.xib */,
				2441939523A9E8E200A6CBA1 /* Main.storyboard */,
				2441939823A9E8E400A6CBA1 /* Assets.xcassets */,
				2441939D23A9E8E400A6CBA1 /* Info.plist */,
			);
			path = ParentingApp12;
			sourceTree = "<group>";
		};
		2467429E23ADA83300C343D6 /* Frameworks */ = {
			isa = PBXGroup;
			children = (
				2430006D23F5BB5500BBC479 /* Realm.framework */,
				2430006923F5BB2200BBC479 /* RealmSwift.framework */,
				2430006723F5BB1100BBC479 /* FSCalendar.framework */,
				2430006323F5B33400BBC479 /* CalculateCalendarLogic.framework */,
				24390BA123F5893400D6AE8E /* CalculateCalendarLogic.framework */,
				2467429F23ADA83300C343D6 /* MessageUI.framework */,
				2A57B695FC728875E98B3486 /* Pods_ParentingApp12.framework */,
			);
			name = Frameworks;
			sourceTree = "<group>";
		};
		E68F5B272B4CEF23FF569FD6 /* Pods */ = {
			isa = PBXGroup;
			children = (
				BBF78EF625B3A81955A005BC /* Pods-ParentingApp12.debug.xcconfig */,
				9F4C375108226144E36E13D5 /* Pods-ParentingApp12.release.xcconfig */,
			);
			path = Pods;
			sourceTree = "<group>";
		};
/* End PBXGroup section */

/* Begin PBXNativeTarget section */
		2441938B23A9E8E200A6CBA1 /* ParentingApp12 */ = {
			isa = PBXNativeTarget;
			buildConfigurationList = 244193A023A9E8E400A6CBA1 /* Build configuration list for PBXNativeTarget "ParentingApp12" */;
			buildPhases = (
				CCA759BDD1762CFEF61C0082 /* [CP] Check Pods Manifest.lock */,
				2441938823A9E8E200A6CBA1 /* Sources */,
				2441938923A9E8E200A6CBA1 /* Frameworks */,
				2441938A23A9E8E200A6CBA1 /* Resources */,
				6C587117D14B7F3DC1E95F51 /* [CP] Embed Pods Frameworks */,
			);
			buildRules = (
			);
			dependencies = (
			);
			name = ParentingApp12;
			productName = ParentingApp12;
			productReference = 2441938C23A9E8E200A6CBA1 /* ParentingApp12.app */;
			productType = "com.apple.product-type.application";
		};
/* End PBXNativeTarget section */

/* Begin PBXProject section */
		2441938423A9E8E200A6CBA1 /* Project object */ = {
			isa = PBXProject;
			attributes = {
				LastSwiftUpdateCheck = 1120;
				LastUpgradeCheck = 1120;
				ORGANIZATIONNAME = "咲枝友則";
				TargetAttributes = {
					2441938B23A9E8E200A6CBA1 = {
						CreatedOnToolsVersion = 11.2.1;
					};
				};
			};
			buildConfigurationList = 2441938723A9E8E200A6CBA1 /* Build configuration list for PBXProject "ParentingApp12" */;
			compatibilityVersion = "Xcode 9.3";
			developmentRegion = en;
			hasScannedForEncodings = 0;
			knownRegions = (
				en,
				Base,
			);
			mainGroup = 2441938323A9E8E200A6CBA1;
			productRefGroup = 2441938D23A9E8E200A6CBA1 /* Products */;
			projectDirPath = "";
			projectRoot = "";
			targets = (
				2441938B23A9E8E200A6CBA1 /* ParentingApp12 */,
			);
		};
/* End PBXProject section */

/* Begin PBXResourcesBuildPhase section */
		2441938A23A9E8E200A6CBA1 /* Resources */ = {
			isa = PBXResourcesBuildPhase;
			buildActionMask = 2147483647;
			files = (
				245864D123C2060F000A8F89 /* TableViewCell.xib in Resources */,
				2441939923A9E8E400A6CBA1 /* Assets.xcassets in Resources */,
				2441939723A9E8E200A6CBA1 /* Main.storyboard in Resources */,
			);
			runOnlyForDeploymentPostprocessing = 0;
		};
/* End PBXResourcesBuildPhase section */

/* Begin PBXShellScriptBuildPhase section */
		6C587117D14B7F3DC1E95F51 /* [CP] Embed Pods Frameworks */ = {
			isa = PBXShellScriptBuildPhase;
			buildActionMask = 2147483647;
			files = (
			);
			inputFileListPaths = (
				"${PODS_ROOT}/Target Support Files/Pods-ParentingApp12/Pods-ParentingApp12-frameworks-${CONFIGURATION}-input-files.xcfilelist",
			);
			name = "[CP] Embed Pods Frameworks";
			outputFileListPaths = (
				"${PODS_ROOT}/Target Support Files/Pods-ParentingApp12/Pods-ParentingApp12-frameworks-${CONFIGURATION}-output-files.xcfilelist",
			);
			runOnlyForDeploymentPostprocessing = 0;
			shellPath = /bin/sh;
			shellScript = "\"${PODS_ROOT}/Target Support Files/Pods-ParentingApp12/Pods-ParentingApp12-frameworks.sh\"\n";
			showEnvVarsInLog = 0;
		};
		CCA759BDD1762CFEF61C0082 /* [CP] Check Pods Manifest.lock */ = {
			isa = PBXShellScriptBuildPhase;
			buildActionMask = 2147483647;
			files = (
			);
			inputFileListPaths = (
			);
			inputPaths = (
				"${PODS_PODFILE_DIR_PATH}/Podfile.lock",
				"${PODS_ROOT}/Manifest.lock",
			);
			name = "[CP] Check Pods Manifest.lock";
			outputFileListPaths = (
			);
			outputPaths = (
				"$(DERIVED_FILE_DIR)/Pods-ParentingApp12-checkManifestLockResult.txt",
			);
			runOnlyForDeploymentPostprocessing = 0;
			shellPath = /bin/sh;
			shellScript = "diff \"${PODS_PODFILE_DIR_PATH}/Podfile.lock\" \"${PODS_ROOT}/Manifest.lock\" > /dev/null\nif [ $? != 0 ] ; then\n    # print error to STDERR\n    echo \"error: The sandbox is not in sync with the Podfile.lock. Run 'pod install' or update your CocoaPods installation.\" >&2\n    exit 1\nfi\n# This output is used by Xcode 'outputs' to avoid re-running this script phase.\necho \"SUCCESS\" > \"${SCRIPT_OUTPUT_FILE_0}\"\n";
			showEnvVarsInLog = 0;
		};
/* End PBXShellScriptBuildPhase section */

/* Begin PBXSourcesBuildPhase section */
		2441938823A9E8E200A6CBA1 /* Sources */ = {
			isa = PBXSourcesBuildPhase;
			buildActionMask = 2147483647;
			files = (
				24492CC623EA8B1F00765DC8 /* SettingTableViewController.swift in Sources */,
				24ABACE723B4815100F6EFDB /* RegistrationViewController.swift in Sources */,
				2441939023A9E8E200A6CBA1 /* AppDelegate.swift in Sources */,
				240D10C223C7765800514AC2 /* TabBarController.swift in Sources */,
				2455264023DE8A3C00AF9B76 /* CalendarViewController.swift in Sources */,
				245864D023C1F3E8000A8F89 /* TableViewCell.swift in Sources */,
				2407AEC823E1C29D0021CA87 /* EventViewController.swift in Sources */,
				24D12AC923B656EB00F4F612 /* RecordViewController.swift in Sources */,
				2455264223DE8A6200AF9B76 /* SettimgViewController.swift in Sources */,
				246742A423AE4BC700C343D6 /* PrivacyPolicyViewController.swift in Sources */,
				2455264823DF040D00AF9B76 /* SplashViewController.swift in Sources */,
				2441939223A9E8E200A6CBA1 /* SceneDelegate.swift in Sources */,
				244A01BD23D5B06400A2B92A /* DatePopUpViewController.swift in Sources */,
				244D6FAD23BA078A004FE502 /* Record.swift in Sources */,
				2407AEC623E1BE6A0021CA87 /* Event.swift in Sources */,
				246742A223ADAB7C00C343D6 /* FirstViewController.swift in Sources */,
			);
			runOnlyForDeploymentPostprocessing = 0;
		};
/* End PBXSourcesBuildPhase section */

/* Begin PBXVariantGroup section */
		2441939523A9E8E200A6CBA1 /* Main.storyboard */ = {
			isa = PBXVariantGroup;
			children = (
				2441939623A9E8E200A6CBA1 /* Base */,
			);
			name = Main.storyboard;
			sourceTree = "<group>";
		};
/* End PBXVariantGroup section */

/* Begin XCBuildConfiguration section */
		2441939E23A9E8E400A6CBA1 /* Debug */ = {
			isa = XCBuildConfiguration;
			buildSettings = {
				ALWAYS_SEARCH_USER_PATHS = NO;
				CLANG_ANALYZER_NONNULL = YES;
				CLANG_ANALYZER_NUMBER_OBJECT_CONVERSION = YES_AGGRESSIVE;
				CLANG_CXX_LANGUAGE_STANDARD = "gnu++14";
				CLANG_CXX_LIBRARY = "libc++";
				CLANG_ENABLE_MODULES = YES;
				CLANG_ENABLE_OBJC_ARC = YES;
				CLANG_ENABLE_OBJC_WEAK = YES;
				CLANG_WARN_BLOCK_CAPTURE_AUTORELEASING = YES;
				CLANG_WARN_BOOL_CONVERSION = YES;
				CLANG_WARN_COMMA = YES;
				CLANG_WARN_CONSTANT_CONVERSION = YES;
				CLANG_WARN_DEPRECATED_OBJC_IMPLEMENTATIONS = YES;
				CLANG_WARN_DIRECT_OBJC_ISA_USAGE = YES_ERROR;
				CLANG_WARN_DOCUMENTATION_COMMENTS = YES;
				CLANG_WARN_EMPTY_BODY = YES;
				CLANG_WARN_ENUM_CONVERSION = YES;
				CLANG_WARN_INFINITE_RECURSION = YES;
				CLANG_WARN_INT_CONVERSION = YES;
				CLANG_WARN_NON_LITERAL_NULL_CONVERSION = YES;
				CLANG_WARN_OBJC_IMPLICIT_RETAIN_SELF = YES;
				CLANG_WARN_OBJC_LITERAL_CONVERSION = YES;
				CLANG_WARN_OBJC_ROOT_CLASS = YES_ERROR;
				CLANG_WARN_RANGE_LOOP_ANALYSIS = YES;
				CLANG_WARN_STRICT_PROTOTYPES = YES;
				CLANG_WARN_SUSPICIOUS_MOVE = YES;
				CLANG_WARN_UNGUARDED_AVAILABILITY = YES_AGGRESSIVE;
				CLANG_WARN_UNREACHABLE_CODE = YES;
				CLANG_WARN__DUPLICATE_METHOD_MATCH = YES;
				COPY_PHASE_STRIP = NO;
				DEBUG_INFORMATION_FORMAT = dwarf;
				ENABLE_STRICT_OBJC_MSGSEND = YES;
				ENABLE_TESTABILITY = YES;
				GCC_C_LANGUAGE_STANDARD = gnu11;
				GCC_DYNAMIC_NO_PIC = NO;
				GCC_NO_COMMON_BLOCKS = YES;
				GCC_OPTIMIZATION_LEVEL = 0;
				GCC_PREPROCESSOR_DEFINITIONS = (
					"DEBUG=1",
					"$(inherited)",
				);
				GCC_WARN_64_TO_32_BIT_CONVERSION = YES;
				GCC_WARN_ABOUT_RETURN_TYPE = YES_ERROR;
				GCC_WARN_UNDECLARED_SELECTOR = YES;
				GCC_WARN_UNINITIALIZED_AUTOS = YES_AGGRESSIVE;
				GCC_WARN_UNUSED_FUNCTION = YES;
				GCC_WARN_UNUSED_VARIABLE = YES;
				IPHONEOS_DEPLOYMENT_TARGET = 13.2;
				MTL_ENABLE_DEBUG_INFO = INCLUDE_SOURCE;
				MTL_FAST_MATH = YES;
				ONLY_ACTIVE_ARCH = YES;
				SDKROOT = iphoneos;
				SWIFT_ACTIVE_COMPILATION_CONDITIONS = DEBUG;
				SWIFT_OPTIMIZATION_LEVEL = "-Onone";
			};
			name = Debug;
		};
		2441939F23A9E8E400A6CBA1 /* Release */ = {
			isa = XCBuildConfiguration;
			buildSettings = {
				ALWAYS_SEARCH_USER_PATHS = NO;
				CLANG_ANALYZER_NONNULL = YES;
				CLANG_ANALYZER_NUMBER_OBJECT_CONVERSION = YES_AGGRESSIVE;
				CLANG_CXX_LANGUAGE_STANDARD = "gnu++14";
				CLANG_CXX_LIBRARY = "libc++";
				CLANG_ENABLE_MODULES = YES;
				CLANG_ENABLE_OBJC_ARC = YES;
				CLANG_ENABLE_OBJC_WEAK = YES;
				CLANG_WARN_BLOCK_CAPTURE_AUTORELEASING = YES;
				CLANG_WARN_BOOL_CONVERSION = YES;
				CLANG_WARN_COMMA = YES;
				CLANG_WARN_CONSTANT_CONVERSION = YES;
				CLANG_WARN_DEPRECATED_OBJC_IMPLEMENTATIONS = YES;
				CLANG_WARN_DIRECT_OBJC_ISA_USAGE = YES_ERROR;
				CLANG_WARN_DOCUMENTATION_COMMENTS = YES;
				CLANG_WARN_EMPTY_BODY = YES;
				CLANG_WARN_ENUM_CONVERSION = YES;
				CLANG_WARN_INFINITE_RECURSION = YES;
				CLANG_WARN_INT_CONVERSION = YES;
				CLANG_WARN_NON_LITERAL_NULL_CONVERSION = YES;
				CLANG_WARN_OBJC_IMPLICIT_RETAIN_SELF = YES;
				CLANG_WARN_OBJC_LITERAL_CONVERSION = YES;
				CLANG_WARN_OBJC_ROOT_CLASS = YES_ERROR;
				CLANG_WARN_RANGE_LOOP_ANALYSIS = YES;
				CLANG_WARN_STRICT_PROTOTYPES = YES;
				CLANG_WARN_SUSPICIOUS_MOVE = YES;
				CLANG_WARN_UNGUARDED_AVAILABILITY = YES_AGGRESSIVE;
				CLANG_WARN_UNREACHABLE_CODE = YES;
				CLANG_WARN__DUPLICATE_METHOD_MATCH = YES;
				COPY_PHASE_STRIP = NO;
				DEBUG_INFORMATION_FORMAT = "dwarf-with-dsym";
				ENABLE_NS_ASSERTIONS = NO;
				ENABLE_STRICT_OBJC_MSGSEND = YES;
				GCC_C_LANGUAGE_STANDARD = gnu11;
				GCC_NO_COMMON_BLOCKS = YES;
				GCC_OPTIMIZATION_LEVEL = 0;
				GCC_WARN_64_TO_32_BIT_CONVERSION = YES;
				GCC_WARN_ABOUT_RETURN_TYPE = YES_ERROR;
				GCC_WARN_UNDECLARED_SELECTOR = YES;
				GCC_WARN_UNINITIALIZED_AUTOS = YES_AGGRESSIVE;
				GCC_WARN_UNUSED_FUNCTION = YES;
				GCC_WARN_UNUSED_VARIABLE = YES;
				IPHONEOS_DEPLOYMENT_TARGET = 13.2;
				MTL_ENABLE_DEBUG_INFO = NO;
				MTL_FAST_MATH = YES;
				SDKROOT = iphoneos;
				SWIFT_COMPILATION_MODE = wholemodule;
				SWIFT_OPTIMIZATION_LEVEL = "-O";
				VALIDATE_PRODUCT = YES;
			};
			name = Release;
		};
		244193A123A9E8E400A6CBA1 /* Debug */ = {
			isa = XCBuildConfiguration;
			baseConfigurationReference = BBF78EF625B3A81955A005BC /* Pods-ParentingApp12.debug.xcconfig */;
			buildSettings = {
				ASSETCATALOG_COMPILER_APPICON_NAME = AppIcon;
				CODE_SIGN_IDENTITY = "Apple Development";
				CODE_SIGN_STYLE = Automatic;
				CURRENT_PROJECT_VERSION = 1.0;
				DEVELOPMENT_TEAM = GNV8C54NL3;
				FRAMEWORK_SEARCH_PATHS = (
					"$(inherited)",
					"\"${PODS_CONFIGURATION_BUILD_DIR}/CalculateCalendarLogic\"",
					"\"${PODS_CONFIGURATION_BUILD_DIR}/FSCalendar\"",
					"\"${PODS_CONFIGURATION_BUILD_DIR}/FirebaseCore\"",
					"\"${PODS_CONFIGURATION_BUILD_DIR}/FirebaseCoreDiagnostics\"",
					"\"${PODS_CONFIGURATION_BUILD_DIR}/FirebaseDatabase\"",
					"\"${PODS_CONFIGURATION_BUILD_DIR}/FirebaseStorage\"",
					"\"${PODS_CONFIGURATION_BUILD_DIR}/GTMSessionFetcher\"",
					"\"${PODS_CONFIGURATION_BUILD_DIR}/GoogleDataTransport\"",
					"\"${PODS_CONFIGURATION_BUILD_DIR}/GoogleDataTransportCCTSupport\"",
					"\"${PODS_CONFIGURATION_BUILD_DIR}/GoogleUtilities\"",
					"\"${PODS_CONFIGURATION_BUILD_DIR}/Realm\"",
					"\"${PODS_CONFIGURATION_BUILD_DIR}/RealmSwift\"",
					"\"${PODS_CONFIGURATION_BUILD_DIR}/leveldb-library\"",
					"\"${PODS_CONFIGURATION_BUILD_DIR}/nanopb\"",
				);
				GCC_OPTIMIZATION_LEVEL = "No optimization[-Onone]";
				HEADER_SEARCH_PATHS = (
					"$(inherited)",
					"\"${PODS_CONFIGURATION_BUILD_DIR}/CalculateCalendarLogic/CalculateCalendarLogic.framework/Headers\"",
					"\"${PODS_CONFIGURATION_BUILD_DIR}/FSCalendar/FSCalendar.framework/Headers\"",
					"\"${PODS_CONFIGURATION_BUILD_DIR}/FirebaseCore/FirebaseCore.framework/Headers\"",
					"\"${PODS_CONFIGURATION_BUILD_DIR}/FirebaseCoreDiagnostics/FirebaseCoreDiagnostics.framework/Headers\"",
					"\"${PODS_CONFIGURATION_BUILD_DIR}/FirebaseDatabase/FirebaseDatabase.framework/Headers\"",
					"\"${PODS_CONFIGURATION_BUILD_DIR}/FirebaseStorage/FirebaseStorage.framework/Headers\"",
					"\"${PODS_CONFIGURATION_BUILD_DIR}/GTMSessionFetcher/GTMSessionFetcher.framework/Headers\"",
					"\"${PODS_CONFIGURATION_BUILD_DIR}/GoogleDataTransport/GoogleDataTransport.framework/Headers\"",
					"\"${PODS_CONFIGURATION_BUILD_DIR}/GoogleDataTransportCCTSupport/GoogleDataTransportCCTSupport.framework/Headers\"",
					"\"${PODS_CONFIGURATION_BUILD_DIR}/GoogleUtilities/GoogleUtilities.framework/Headers\"",
					"\"${PODS_CONFIGURATION_BUILD_DIR}/Realm/Realm.framework/Headers\"",
					"\"${PODS_CONFIGURATION_BUILD_DIR}/RealmSwift/RealmSwift.framework/Headers\"",
					"\"${PODS_CONFIGURATION_BUILD_DIR}/leveldb-library/leveldb.framework/Headers\"",
					"\"${PODS_CONFIGURATION_BUILD_DIR}/nanopb/nanopb.framework/Headers\"",
					"\"${PODS_ROOT}/Headers/Public\"",
					"\"${PODS_ROOT}/Headers/Public/Firebase\"",
					"\"${PODS_ROOT}/Headers/Public/FirebaseAuthInterop\"",
					"\"${PODS_ROOT}/Headers/Public/FirebaseCoreDiagnosticsInterop\"",
					"$(inherited)",
					"${PODS_ROOT}/Firebase/CoreOnly/Sources",
				);
				INFOPLIST_FILE = ParentingApp12/Info.plist;
				IPHONEOS_DEPLOYMENT_TARGET = 13.2;
				LD_RUNPATH_SEARCH_PATHS = "@executable_path/Frameworks";
				PRODUCT_BUNDLE_IDENTIFIER = ParentingApp12;
				PRODUCT_NAME = "$(TARGET_NAME)";
				PROVISIONING_PROFILE_SPECIFIER = "";
				REEXPORTED_LIBRARY_PATHS = "";
				SWIFT_VERSION = 5.0;
				TARGETED_DEVICE_FAMILY = 1;
			};
			name = Debug;
		};
		244193A223A9E8E400A6CBA1 /* Release */ = {
			isa = XCBuildConfiguration;
			baseConfigurationReference = 9F4C375108226144E36E13D5 /* Pods-ParentingApp12.release.xcconfig */;
			buildSettings = {
				ASSETCATALOG_COMPILER_APPICON_NAME = AppIcon;
				CODE_SIGN_IDENTITY = "Apple Development";
				CODE_SIGN_STYLE = Automatic;
				CURRENT_PROJECT_VERSION = 1.0;
				DEVELOPMENT_TEAM = GNV8C54NL3;
				FRAMEWORK_SEARCH_PATHS = (
					"$(inherited)",
					"\"${PODS_CONFIGURATION_BUILD_DIR}/CalculateCalendarLogic\"",
					"\"${PODS_CONFIGURATION_BUILD_DIR}/FSCalendar\"",
					"\"${PODS_CONFIGURATION_BUILD_DIR}/FirebaseCore\"",
					"\"${PODS_CONFIGURATION_BUILD_DIR}/FirebaseCoreDiagnostics\"",
					"\"${PODS_CONFIGURATION_BUILD_DIR}/FirebaseDatabase\"",
					"\"${PODS_CONFIGURATION_BUILD_DIR}/FirebaseStorage\"",
					"\"${PODS_CONFIGURATION_BUILD_DIR}/GTMSessionFetcher\"",
					"\"${PODS_CONFIGURATION_BUILD_DIR}/GoogleDataTransport\"",
					"\"${PODS_CONFIGURATION_BUILD_DIR}/GoogleDataTransportCCTSupport\"",
					"\"${PODS_CONFIGURATION_BUILD_DIR}/GoogleUtilities\"",
					"\"${PODS_CONFIGURATION_BUILD_DIR}/Realm\"",
					"\"${PODS_CONFIGURATION_BUILD_DIR}/RealmSwift\"",
					"\"${PODS_CONFIGURATION_BUILD_DIR}/leveldb-library\"",
					"\"${PODS_CONFIGURATION_BUILD_DIR}/nanopb\"",
				);
				GCC_OPTIMIZATION_LEVEL = "No optimization[-Onone]";
				HEADER_SEARCH_PATHS = (
					"$(inherited)",
					"\"${PODS_CONFIGURATION_BUILD_DIR}/CalculateCalendarLogic/CalculateCalendarLogic.framework/Headers\"",
					"\"${PODS_CONFIGURATION_BUILD_DIR}/FSCalendar/FSCalendar.framework/Headers\"",
					"\"${PODS_CONFIGURATION_BUILD_DIR}/FirebaseCore/FirebaseCore.framework/Headers\"",
					"\"${PODS_CONFIGURATION_BUILD_DIR}/FirebaseCoreDiagnostics/FirebaseCoreDiagnostics.framework/Headers\"",
					"\"${PODS_CONFIGURATION_BUILD_DIR}/FirebaseDatabase/FirebaseDatabase.framework/Headers\"",
					"\"${PODS_CONFIGURATION_BUILD_DIR}/FirebaseStorage/FirebaseStorage.framework/Headers\"",
					"\"${PODS_CONFIGURATION_BUILD_DIR}/GTMSessionFetcher/GTMSessionFetcher.framework/Headers\"",
					"\"${PODS_CONFIGURATION_BUILD_DIR}/GoogleDataTransport/GoogleDataTransport.framework/Headers\"",
					"\"${PODS_CONFIGURATION_BUILD_DIR}/GoogleDataTransportCCTSupport/GoogleDataTransportCCTSupport.framework/Headers\"",
					"\"${PODS_CONFIGURATION_BUILD_DIR}/GoogleUtilities/GoogleUtilities.framework/Headers\"",
					"\"${PODS_CONFIGURATION_BUILD_DIR}/Realm/Realm.framework/Headers\"",
					"\"${PODS_CONFIGURATION_BUILD_DIR}/RealmSwift/RealmSwift.framework/Headers\"",
					"\"${PODS_CONFIGURATION_BUILD_DIR}/leveldb-library/leveldb.framework/Headers\"",
					"\"${PODS_CONFIGURATION_BUILD_DIR}/nanopb/nanopb.framework/Headers\"",
					"\"${PODS_ROOT}/Headers/Public\"",
					"\"${PODS_ROOT}/Headers/Public/Firebase\"",
					"\"${PODS_ROOT}/Headers/Public/FirebaseAuthInterop\"",
					"\"${PODS_ROOT}/Headers/Public/FirebaseCoreDiagnosticsInterop\"",
					"$(inherited)",
					"${PODS_ROOT}/Firebase/CoreOnly/Sources",
				);
				INFOPLIST_FILE = ParentingApp12/Info.plist;
				IPHONEOS_DEPLOYMENT_TARGET = 13.2;
				LD_RUNPATH_SEARCH_PATHS = "@executable_path/Frameworks";
				PRODUCT_BUNDLE_IDENTIFIER = ParentingApp12;
				PRODUCT_NAME = "$(TARGET_NAME)";
				PROVISIONING_PROFILE_SPECIFIER = "";
				REEXPORTED_LIBRARY_PATHS = "";
				SWIFT_VERSION = 5.0;
				TARGETED_DEVICE_FAMILY = 1;
			};
			name = Release;
		};
/* End XCBuildConfiguration section */

/* Begin XCConfigurationList section */
		2441938723A9E8E200A6CBA1 /* Build configuration list for PBXProject "ParentingApp12" */ = {
			isa = XCConfigurationList;
			buildConfigurations = (
				2441939E23A9E8E400A6CBA1 /* Debug */,
				2441939F23A9E8E400A6CBA1 /* Release */,
			);
			defaultConfigurationIsVisible = 0;
			defaultConfigurationName = Release;
		};
		244193A023A9E8E400A6CBA1 /* Build configuration list for PBXNativeTarget "ParentingApp12" */ = {
			isa = XCConfigurationList;
			buildConfigurations = (
				244193A123A9E8E400A6CBA1 /* Debug */,
				244193A223A9E8E400A6CBA1 /* Release */,
			);
			defaultConfigurationIsVisible = 0;
			defaultConfigurationName = Release;
		};
/* End XCConfigurationList section */
	};
	rootObject = 2441938423A9E8E200A6CBA1 /* Project object */;
}
